
Microsoft Visual Studio Solution File, Format Version 12.00
# Visual Studio Version 17
VisualStudioVersion = 17.11.35312.102
MinimumVisualStudioVersion = 10.0.40219.1
Project("{FAE04EC0-301F-11D3-BF4B-00C04F79EFBC}") = "DeathQuota", "DeathQuota\DeathQuota.csproj", "{1C25F079-28E6-43C3-BD85-30E945646B14}"
EndProject
Global
	GlobalSection(SolutionConfigurationPlatforms) = preSolution
		Debug|Any CPU = Debug|Any CPU
		Release|Any CPU = Release|Any CPU
	EndGlobalSection
	GlobalSection(ProjectConfigurationPlatforms) = postSolution
		{1C25F079-28E6-43C3-BD85-30E945646B14}.Debug|Any CPU.ActiveCfg = Debug|Any CPU
		{1C25F079-28E6-43C3-BD85-30E945646B14}.Debug|Any CPU.Build.0 = Debug|Any CPU
		{1C25F079-28E6-43C3-BD85-30E945646B14}.Release|Any CPU.ActiveCfg = Release|Any CPU
		{1C25F079-28E6-43C3-BD85-30E945646B14}.Release|Any CPU.Build.0 = Release|Any CPU
	EndGlobalSection
	GlobalSection(SolutionProperties) = preSolution
		HideSolutionNode = FALSE
	EndGlobalSection
	GlobalSection(ExtensibilityGlobals) = postSolution
		SolutionGuid = {A9BCFE4B-BF03-48BC-997F-C4629B1B0653}
	EndGlobalSection
EndGlobal
